
Microsoft Visual Studio Solution File, Format Version 12.00
# Visual Studio 15
VisualStudioVersion = 15.0.28307.757
MinimumVisualStudioVersion = 10.0.40219.1
Project("{8BC9CEB8-8B4A-11D0-8D11-00A0C91BC942}") = "test_project", "test_project\test_project.vcxproj", "{5FC014DD-6A3C-4805-B2F2-B4E1BD5C65CE}"
EndProject
Global
	GlobalSection(SolutionConfigurationPlatforms) = preSolution
		Debug|x64 = Debug|x64
		Debug|x86 = Debug|x86
		Release|x64 = Release|x64
		Release|x86 = Release|x86
	EndGlobalSection
	GlobalSection(ProjectConfigurationPlatforms) = postSolution
		{5FC014DD-6A3C-4805-B2F2-B4E1BD5C65CE}.Debug|x64.ActiveCfg = Debug|x64
		{5FC014DD-6A3C-4805-B2F2-B4E1BD5C65CE}.Debug|x64.Build.0 = Debug|x64
		{5FC014DD-6A3C-4805-B2F2-B4E1BD5C65CE}.Debug|x86.ActiveCfg = Debug|Win32
		{5FC014DD-6A3C-4805-B2F2-B4E1BD5C65CE}.Debug|x86.Build.0 = Debug|Win32
		{5FC014DD-6A3C-4805-B2F2-B4E1BD5C65CE}.Release|x64.ActiveCfg = Release|x64
		{5FC014DD-6A3C-4805-B2F2-B4E1BD5C65CE}.Release|x64.Build.0 = Release|x64
		{5FC014DD-6A3C-4805-B2F2-B4E1BD5C65CE}.Release|x86.ActiveCfg = Release|Win32
		{5FC014DD-6A3C-4805-B2F2-B4E1BD5C65CE}.Release|x86.Build.0 = Release|Win32
	EndGlobalSection
	GlobalSection(SolutionProperties) = preSolution
		HideSolutionNode = FALSE
	EndGlobalSection
	GlobalSection(ExtensibilityGlobals) = postSolution
		SolutionGuid = {6AB1C2D5-87D0-4535-8151-8E0BB70A5AAC}
	EndGlobalSection
EndGlobal
